// !$*UTF8*$!
{
	archiveVersion = 1;
	classes = {
	};
	objectVersion = 46;
	objects = {

/* Begin PBXBuildFile section */
		E7316B911C0CB58D000E2009 /* AppDelegate.swift in Sources */ = {isa = PBXBuildFile; fileRef = E7316B901C0CB58D000E2009 /* AppDelegate.swift */; };
		E7316B931C0CB58D000E2009 /* ViewController.swift in Sources */ = {isa = PBXBuildFile; fileRef = E7316B921C0CB58D000E2009 /* ViewController.swift */; };
		E7316B961C0CB58D000E2009 /* Main.storyboard in Resources */ = {isa = PBXBuildFile; fileRef = E7316B941C0CB58D000E2009 /* Main.storyboard */; };
		E7316B981C0CB58D000E2009 /* Assets.xcassets in Resources */ = {isa = PBXBuildFile; fileRef = E7316B971C0CB58D000E2009 /* Assets.xcassets */; };
		E7316B9B1C0CB58D000E2009 /* LaunchScreen.storyboard in Resources */ = {isa = PBXBuildFile; fileRef = E7316B991C0CB58D000E2009 /* LaunchScreen.storyboard */; };
		E7316BA61C0CB58E000E2009 /* rpg__OOP_Tests.swift in Sources */ = {isa = PBXBuildFile; fileRef = E7316BA51C0CB58E000E2009 /* rpg__OOP_Tests.swift */; };
		E7316BB11C0CB58E000E2009 /* rpg__OOP_UITests.swift in Sources */ = {isa = PBXBuildFile; fileRef = E7316BB01C0CB58E000E2009 /* rpg__OOP_UITests.swift */; };
		E7316BBF1C0CB73D000E2009 /* Character.swift in Sources */ = {isa = PBXBuildFile; fileRef = E7316BBE1C0CB73D000E2009 /* Character.swift */; };
		E7316BC11C0CB8C6000E2009 /* Player.swift in Sources */ = {isa = PBXBuildFile; fileRef = E7316BC01C0CB8C6000E2009 /* Player.swift */; };
		E7316BC31C0CBB00000E2009 /* Enemy.swift in Sources */ = {isa = PBXBuildFile; fileRef = E7316BC21C0CBB00000E2009 /* Enemy.swift */; };
		E7316BC51C0CBC40000E2009 /* Kimara.swift in Sources */ = {isa = PBXBuildFile; fileRef = E7316BC41C0CBC40000E2009 /* Kimara.swift */; };
		E7316BC91C0CD318000E2009 /* DevilWizard.swift in Sources */ = {isa = PBXBuildFile; fileRef = E7316BC81C0CD318000E2009 /* DevilWizard.swift */; };
/* End PBXBuildFile section */

/* Begin PBXContainerItemProxy section */
		E7316BA21C0CB58E000E2009 /* PBXContainerItemProxy */ = {
			isa = PBXContainerItemProxy;
			containerPortal = E7316B851C0CB58D000E2009 /* Project object */;
			proxyType = 1;
			remoteGlobalIDString = E7316B8C1C0CB58D000E2009;
			remoteInfo = "rpg (OOP)";
		};
		E7316BAD1C0CB58E000E2009 /* PBXContainerItemProxy */ = {
			isa = PBXContainerItemProxy;
			containerPortal = E7316B851C0CB58D000E2009 /* Project object */;
			proxyType = 1;
			remoteGlobalIDString = E7316B8C1C0CB58D000E2009;
			remoteInfo = "rpg (OOP)";
		};
/* End PBXContainerItemProxy section */

/* Begin PBXFileReference section */
		E7316B8D1C0CB58D000E2009 /* rpg (OOP).app */ = {isa = PBXFileReference; explicitFileType = wrapper.application; includeInIndex = 0; path = "rpg (OOP).app"; sourceTree = BUILT_PRODUCTS_DIR; };
		E7316B901C0CB58D000E2009 /* AppDelegate.swift */ = {isa = PBXFileReference; lastKnownFileType = sourcecode.swift; path = AppDelegate.swift; sourceTree = "<group>"; };
		E7316B921C0CB58D000E2009 /* ViewController.swift */ = {isa = PBXFileReference; lastKnownFileType = sourcecode.swift; path = ViewController.swift; sourceTree = "<group>"; };
		E7316B951C0CB58D000E2009 /* Base */ = {isa = PBXFileReference; lastKnownFileType = file.storyboard; name = Base; path = Base.lproj/Main.storyboard; sourceTree = "<group>"; };
		E7316B971C0CB58D000E2009 /* Assets.xcassets */ = {isa = PBXFileReference; lastKnownFileType = folder.assetcatalog; path = Assets.xcassets; sourceTree = "<group>"; };
		E7316B9A1C0CB58D000E2009 /* Base */ = {isa = PBXFileReference; lastKnownFileType = file.storyboard; name = Base; path = Base.lproj/LaunchScreen.storyboard; sourceTree = "<group>"; };
		E7316B9C1C0CB58D000E2009 /* Info.plist */ = {isa = PBXFileReference; lastKnownFileType = text.plist.xml; path = Info.plist; sourceTree = "<group>"; };
		E7316BA11C0CB58E000E2009 /* rpg (OOP)Tests.xctest */ = {isa = PBXFileReference; explicitFileType = wrapper.cfbundle; includeInIndex = 0; path = "rpg (OOP)Tests.xctest"; sourceTree = BUILT_PRODUCTS_DIR; };
		E7316BA51C0CB58E000E2009 /* rpg__OOP_Tests.swift */ = {isa = PBXFileReference; lastKnownFileType = sourcecode.swift; path = rpg__OOP_Tests.swift; sourceTree = "<group>"; };
		E7316BA71C0CB58E000E2009 /* Info.plist */ = {isa = PBXFileReference; lastKnownFileType = text.plist.xml; path = Info.plist; sourceTree = "<group>"; };
		E7316BAC1C0CB58E000E2009 /* rpg (OOP)UITests.xctest */ = {isa = PBXFileReference; explicitFileType = wrapper.cfbundle; includeInIndex = 0; path = "rpg (OOP)UITests.xctest"; sourceTree = BUILT_PRODUCTS_DIR; };
		E7316BB01C0CB58E000E2009 /* rpg__OOP_UITests.swift */ = {isa = PBXFileReference; lastKnownFileType = sourcecode.swift; path = rpg__OOP_UITests.swift; sourceTree = "<group>"; };
		E7316BB21C0CB58E000E2009 /* Info.plist */ = {isa = PBXFileReference; lastKnownFileType = text.plist.xml; path = Info.plist; sourceTree = "<group>"; };
		E7316BBE1C0CB73D000E2009 /* Character.swift */ = {isa = PBXFileReference; fileEncoding = 4; lastKnownFileType = sourcecode.swift; path = Character.swift; sourceTree = "<group>"; };
		E7316BC01C0CB8C6000E2009 /* Player.swift */ = {isa = PBXFileReference; fileEncoding = 4; lastKnownFileType = sourcecode.swift; path = Player.swift; sourceTree = "<group>"; };
		E7316BC21C0CBB00000E2009 /* Enemy.swift */ = {isa = PBXFileReference; fileEncoding = 4; lastKnownFileType = sourcecode.swift; path = Enemy.swift; sourceTree = "<group>"; };
		E7316BC41C0CBC40000E2009 /* Kimara.swift */ = {isa = PBXFileReference; fileEncoding = 4; lastKnownFileType = sourcecode.swift; path = Kimara.swift; sourceTree = "<group>"; };
		E7316BC81C0CD318000E2009 /* DevilWizard.swift */ = {isa = PBXFileReference; fileEncoding = 4; lastKnownFileType = sourcecode.swift; path = DevilWizard.swift; sourceTree = "<group>"; };
/* End PBXFileReference section */

/* Begin PBXFrameworksBuildPhase section */
		E7316B8A1C0CB58D000E2009 /* Frameworks */ = {
			isa = PBXFrameworksBuildPhase;
			buildActionMask = 2147483647;
			files = (
			);
			runOnlyForDeploymentPostprocessing = 0;
		};
		E7316B9E1C0CB58E000E2009 /* Frameworks */ = {
			isa = PBXFrameworksBuildPhase;
			buildActionMask = 2147483647;
			files = (
			);
			runOnlyForDeploymentPostprocessing = 0;
		};
		E7316BA91C0CB58E000E2009 /* Frameworks */ = {
			isa = PBXFrameworksBuildPhase;
			buildActionMask = 2147483647;
			files = (
			);
			runOnlyForDeploymentPostprocessing = 0;
		};
/* End PBXFrameworksBuildPhase section */

/* Begin PBXGroup section */
		E7316B841C0CB58D000E2009 = {
			isa = PBXGroup;
			children = (
				E7316B8F1C0CB58D000E2009 /* rpg (OOP) */,
				E7316BA41C0CB58E000E2009 /* rpg (OOP)Tests */,
				E7316BAF1C0CB58E000E2009 /* rpg (OOP)UITests */,
				E7316B8E1C0CB58D000E2009 /* Products */,
			);
			sourceTree = "<group>";
		};
		E7316B8E1C0CB58D000E2009 /* Products */ = {
			isa = PBXGroup;
			children = (
				E7316B8D1C0CB58D000E2009 /* rpg (OOP).app */,
				E7316BA11C0CB58E000E2009 /* rpg (OOP)Tests.xctest */,
				E7316BAC1C0CB58E000E2009 /* rpg (OOP)UITests.xctest */,
			);
			name = Products;
			sourceTree = "<group>";
		};
		E7316B8F1C0CB58D000E2009 /* rpg (OOP) */ = {
			isa = PBXGroup;
			children = (
				E7316B901C0CB58D000E2009 /* AppDelegate.swift */,
				E7316B921C0CB58D000E2009 /* ViewController.swift */,
				E7316B941C0CB58D000E2009 /* Main.storyboard */,
				E7316B971C0CB58D000E2009 /* Assets.xcassets */,
				E7316B991C0CB58D000E2009 /* LaunchScreen.storyboard */,
				E7316B9C1C0CB58D000E2009 /* Info.plist */,
				E7316BBE1C0CB73D000E2009 /* Character.swift */,
				E7316BC01C0CB8C6000E2009 /* Player.swift */,
				E7316BC21C0CBB00000E2009 /* Enemy.swift */,
				E7316BC41C0CBC40000E2009 /* Kimara.swift */,
				E7316BC81C0CD318000E2009 /* DevilWizard.swift */,
			);
			path = "rpg (OOP)";
			sourceTree = "<group>";
		};
		E7316BA41C0CB58E000E2009 /* rpg (OOP)Tests */ = {
			isa = PBXGroup;
			children = (
				E7316BA51C0CB58E000E2009 /* rpg__OOP_Tests.swift */,
				E7316BA71C0CB58E000E2009 /* Info.plist */,
			);
			path = "rpg (OOP)Tests";
			sourceTree = "<group>";
		};
		E7316BAF1C0CB58E000E2009 /* rpg (OOP)UITests */ = {
			isa = PBXGroup;
			children = (
				E7316BB01C0CB58E000E2009 /* rpg__OOP_UITests.swift */,
				E7316BB21C0CB58E000E2009 /* Info.plist */,
			);
			path = "rpg (OOP)UITests";
			sourceTree = "<group>";
		};
/* End PBXGroup section */

/* Begin PBXNativeTarget section */
		E7316B8C1C0CB58D000E2009 /* rpg (OOP) */ = {
			isa = PBXNativeTarget;
			buildConfigurationList = E7316BB51C0CB58E000E2009 /* Build configuration list for PBXNativeTarget "rpg (OOP)" */;
			buildPhases = (
				E7316B891C0CB58D000E2009 /* Sources */,
				E7316B8A1C0CB58D000E2009 /* Frameworks */,
				E7316B8B1C0CB58D000E2009 /* Resources */,
			);
			buildRules = (
			);
			dependencies = (
			);
			name = "rpg (OOP)";
			productName = "rpg (OOP)";
			productReference = E7316B8D1C0CB58D000E2009 /* rpg (OOP).app */;
			productType = "com.apple.product-type.application";
		};
		E7316BA01C0CB58E000E2009 /* rpg (OOP)Tests */ = {
			isa = PBXNativeTarget;
			buildConfigurationList = E7316BB81C0CB58E000E2009 /* Build configuration list for PBXNativeTarget "rpg (OOP)Tests" */;
			buildPhases = (
				E7316B9D1C0CB58E000E2009 /* Sources */,
				E7316B9E1C0CB58E000E2009 /* Frameworks */,
				E7316B9F1C0CB58E000E2009 /* Resources */,
			);
			buildRules = (
			);
			dependencies = (
				E7316BA31C0CB58E000E2009 /* PBXTargetDependency */,
			);
			name = "rpg (OOP)Tests";
			productName = "rpg (OOP)Tests";
			productReference = E7316BA11C0CB58E000E2009 /* rpg (OOP)Tests.xctest */;
			productType = "com.apple.product-type.bundle.unit-test";
		};
		E7316BAB1C0CB58E000E2009 /* rpg (OOP)UITests */ = {
			isa = PBXNativeTarget;
			buildConfigurationList = E7316BBB1C0CB58E000E2009 /* Build configuration list for PBXNativeTarget "rpg (OOP)UITests" */;
			buildPhases = (
				E7316BA81C0CB58E000E2009 /* Sources */,
				E7316BA91C0CB58E000E2009 /* Frameworks */,
				E7316BAA1C0CB58E000E2009 /* Resources */,
			);
			buildRules = (
			);
			dependencies = (
				E7316BAE1C0CB58E000E2009 /* PBXTargetDependency */,
			);
			name = "rpg (OOP)UITests";
			productName = "rpg (OOP)UITests";
			productReference = E7316BAC1C0CB58E000E2009 /* rpg (OOP)UITests.xctest */;
			productType = "com.apple.product-type.bundle.ui-testing";
		};
/* End PBXNativeTarget section */

/* Begin PBXProject section */
		E7316B851C0CB58D000E2009 /* Project object */ = {
			isa = PBXProject;
			attributes = {
				LastSwiftUpdateCheck = 0720;
				LastUpgradeCheck = 0720;
				ORGANIZATIONNAME = "tN-Development";
				TargetAttributes = {
					E7316B8C1C0CB58D000E2009 = {
						CreatedOnToolsVersion = 7.2;
						DevelopmentTeam = 363L6UYZA6;
					};
					E7316BA01C0CB58E000E2009 = {
						CreatedOnToolsVersion = 7.2;
						DevelopmentTeam = 363L6UYZA6;
						TestTargetID = E7316B8C1C0CB58D000E2009;
					};
					E7316BAB1C0CB58E000E2009 = {
						CreatedOnToolsVersion = 7.2;
						DevelopmentTeam = 363L6UYZA6;
						TestTargetID = E7316B8C1C0CB58D000E2009;
					};
				};
			};
			buildConfigurationList = E7316B881C0CB58D000E2009 /* Build configuration list for PBXProject "rpg (OOP)" */;
			compatibilityVersion = "Xcode 3.2";
			developmentRegion = English;
			hasScannedForEncodings = 0;
			knownRegions = (
				en,
				Base,
			);
			mainGroup = E7316B841C0CB58D000E2009;
			productRefGroup = E7316B8E1C0CB58D000E2009 /* Products */;
			projectDirPath = "";
			projectRoot = "";
			targets = (
				E7316B8C1C0CB58D000E2009 /* rpg (OOP) */,
				E7316BA01C0CB58E000E2009 /* rpg (OOP)Tests */,
				E7316BAB1C0CB58E000E2009 /* rpg (OOP)UITests */,
			);
		};
/* End PBXProject section */

/* Begin PBXResourcesBuildPhase section */
		E7316B8B1C0CB58D000E2009 /* Resources */ = {
			isa = PBXResourcesBuildPhase;
			buildActionMask = 2147483647;
			files = (
				E7316B9B1C0CB58D000E2009 /* LaunchScreen.storyboard in Resources */,
				E7316B981C0CB58D000E2009 /* Assets.xcassets in Resources */,
				E7316B961C0CB58D000E2009 /* Main.storyboard in Resources */,
			);
			runOnlyForDeploymentPostprocessing = 0;
		};
		E7316B9F1C0CB58E000E2009 /* Resources */ = {
			isa = PBXResourcesBuildPhase;
			buildActionMask = 2147483647;
			files = (
			);
			runOnlyForDeploymentPostprocessing = 0;
		};
		E7316BAA1C0CB58E000E2009 /* Resources */ = {
			isa = PBXResourcesBuildPhase;
			buildActionMask = 2147483647;
			files = (
			);
			runOnlyForDeploymentPostprocessing = 0;
		};
/* End PBXResourcesBuildPhase section */

/* Begin PBXSourcesBuildPhase section */
		E7316B891C0CB58D000E2009 /* Sources */ = {
			isa = PBXSourcesBuildPhase;
			buildActionMask = 2147483647;
			files = (
				E7316BC31C0CBB00000E2009 /* Enemy.swift in Sources */,
				E7316BC11C0CB8C6000E2009 /* Player.swift in Sources */,
				E7316BC91C0CD318000E2009 /* DevilWizard.swift in Sources */,
				E7316BC51C0CBC40000E2009 /* Kimara.swift in Sources */,
				E7316BBF1C0CB73D000E2009 /* Character.swift in Sources */,
				E7316B931C0CB58D000E2009 /* ViewController.swift in Sources */,
				E7316B911C0CB58D000E2009 /* AppDelegate.swift in Sources */,
			);
			runOnlyForDeploymentPostprocessing = 0;
		};
		E7316B9D1C0CB58E000E2009 /* Sources */ = {
			isa = PBXSourcesBuildPhase;
			buildActionMask = 2147483647;
			files = (
				E7316BA61C0CB58E000E2009 /* rpg__OOP_Tests.swift in Sources */,
			);
			runOnlyForDeploymentPostprocessing = 0;
		};
		E7316BA81C0CB58E000E2009 /* Sources */ = {
			isa = PBXSourcesBuildPhase;
			buildActionMask = 2147483647;
			files = (
				E7316BB11C0CB58E000E2009 /* rpg__OOP_UITests.swift in Sources */,
			);
			runOnlyForDeploymentPostprocessing = 0;
		};
/* End PBXSourcesBuildPhase section */

/* Begin PBXTargetDependency section */
		E7316BA31C0CB58E000E2009 /* PBXTargetDependency */ = {
			isa = PBXTargetDependency;
			target = E7316B8C1C0CB58D000E2009 /* rpg (OOP) */;
			targetProxy = E7316BA21C0CB58E000E2009 /* PBXContainerItemProxy */;
		};
		E7316BAE1C0CB58E000E2009 /* PBXTargetDependency */ = {
			isa = PBXTargetDependency;
			target = E7316B8C1C0CB58D000E2009 /* rpg (OOP) */;
			targetProxy = E7316BAD1C0CB58E000E2009 /* PBXContainerItemProxy */;
		};
/* End PBXTargetDependency section */

/* Begin PBXVariantGroup section */
		E7316B941C0CB58D000E2009 /* Main.storyboard */ = {
			isa = PBXVariantGroup;
			children = (
				E7316B951C0CB58D000E2009 /* Base */,
			);
			name = Main.storyboard;
			sourceTree = "<group>";
		};
		E7316B991C0CB58D000E2009 /* LaunchScreen.storyboard */ = {
			isa = PBXVariantGroup;
			children = (
				E7316B9A1C0CB58D000E2009 /* Base */,
			);
			name = LaunchScreen.storyboard;
			sourceTree = "<group>";
		};
/* End PBXVariantGroup section */

/* Begin XCBuildConfiguration section */
		E7316BB31C0CB58E000E2009 /* Debug */ = {
			isa = XCBuildConfiguration;
			buildSettings = {
				ALWAYS_SEARCH_USER_PATHS = NO;
				CLANG_CXX_LANGUAGE_STANDARD = "gnu++0x";
				CLANG_CXX_LIBRARY = "libc++";
				CLANG_ENABLE_MODULES = YES;
				CLANG_ENABLE_OBJC_ARC = YES;
				CLANG_WARN_BOOL_CONVERSION = YES;
				CLANG_WARN_CONSTANT_CONVERSION = YES;
				CLANG_WARN_DIRECT_OBJC_ISA_USAGE = YES_ERROR;
				CLANG_WARN_EMPTY_BODY = YES;
				CLANG_WARN_ENUM_CONVERSION = YES;
				CLANG_WARN_INT_CONVERSION = YES;
				CLANG_WARN_OBJC_ROOT_CLASS = YES_ERROR;
				CLANG_WARN_UNREACHABLE_CODE = YES;
				CLANG_WARN__DUPLICATE_METHOD_MATCH = YES;
				"CODE_SIGN_IDENTITY[sdk=iphoneos*]" = "iPhone Developer";
				COPY_PHASE_STRIP = NO;
				DEBUG_INFORMATION_FORMAT = dwarf;
				ENABLE_STRICT_OBJC_MSGSEND = YES;
				ENABLE_TESTABILITY = YES;
				GCC_C_LANGUAGE_STANDARD = gnu99;
				GCC_DYNAMIC_NO_PIC = NO;
				GCC_NO_COMMON_BLOCKS = YES;
				GCC_OPTIMIZATION_LEVEL = 0;
				GCC_PREPROCESSOR_DEFINITIONS = (
					"DEBUG=1",
					"$(inherited)",
				);
				GCC_WARN_64_TO_32_BIT_CONVERSION = YES;
				GCC_WARN_ABOUT_RETURN_TYPE = YES_ERROR;
				GCC_WARN_UNDECLARED_SELECTOR = YES;
				GCC_WARN_UNINITIALIZED_AUTOS = YES_AGGRESSIVE;
				GCC_WARN_UNUSED_FUNCTION = YES;
				GCC_WARN_UNUSED_VARIABLE = YES;
				IPHONEOS_DEPLOYMENT_TARGET = 9.2;
				MTL_ENABLE_DEBUG_INFO = YES;
				ONLY_ACTIVE_ARCH = YES;
				SDKROOT = iphoneos;
				SWIFT_OPTIMIZATION_LEVEL = "-Onone";
				TARGETED_DEVICE_FAMILY = "1,2";
			};
			name = Debug;
		};
		E7316BB41C0CB58E000E2009 /* Release */ = {
			isa = XCBuildConfiguration;
			buildSettings = {
				ALWAYS_SEARCH_USER_PATHS = NO;
				CLANG_CXX_LANGUAGE_STANDARD = "gnu++0x";
				CLANG_CXX_LIBRARY = "libc++";
				CLANG_ENABLE_MODULES = YES;
				CLANG_ENABLE_OBJC_ARC = YES;
				CLANG_WARN_BOOL_CONVERSION = YES;
				CLANG_WARN_CONSTANT_CONVERSION = YES;
				CLANG_WARN_DIRECT_OBJC_ISA_USAGE = YES_ERROR;
				CLANG_WARN_EMPTY_BODY = YES;
				CLANG_WARN_ENUM_CONVERSION = YES;
				CLANG_WARN_INT_CONVERSION = YES;
				CLANG_WARN_OBJC_ROOT_CLASS = YES_ERROR;
				CLANG_WARN_UNREACHABLE_CODE = YES;
				CLANG_WARN__DUPLICATE_METHOD_MATCH = YES;
				"CODE_SIGN_IDENTITY[sdk=iphoneos*]" = "iPhone Developer";
				COPY_PHASE_STRIP = NO;
				DEBUG_INFORMATION_FORMAT = "dwarf-with-dsym";
				ENABLE_NS_ASSERTIONS = NO;
				ENABLE_STRICT_OBJC_MSGSEND = YES;
				GCC_C_LANGUAGE_STANDARD = gnu99;
				GCC_NO_COMMON_BLOCKS = YES;
				GCC_WARN_64_TO_32_BIT_CONVERSION = YES;
				GCC_WARN_ABOUT_RETURN_TYPE = YES_ERROR;
				GCC_WARN_UNDECLARED_SELECTOR = YES;
				GCC_WARN_UNINITIALIZED_AUTOS = YES_AGGRESSIVE;
				GCC_WARN_UNUSED_FUNCTION = YES;
				GCC_WARN_UNUSED_VARIABLE = YES;
				IPHONEOS_DEPLOYMENT_TARGET = 9.2;
				MTL_ENABLE_DEBUG_INFO = NO;
				SDKROOT = iphoneos;
				TARGETED_DEVICE_FAMILY = "1,2";
				VALIDATE_PRODUCT = YES;
			};
			name = Release;
		};
		E7316BB61C0CB58E000E2009 /* Debug */ = {
			isa = XCBuildConfiguration;
			buildSettings = {
				ASSETCATALOG_COMPILER_APPICON_NAME = AppIcon;
				INFOPLIST_FILE = "rpg (OOP)/Info.plist";
				LD_RUNPATH_SEARCH_PATHS = "$(inherited) @executable_path/Frameworks";
				PRODUCT_BUNDLE_IDENTIFIER = "com.tn-Development.rpg--OOP-";
				PRODUCT_NAME = "$(TARGET_NAME)";
			};
			name = Debug;
		};
		E7316BB71C0CB58E000E2009 /* Release */ = {
			isa = XCBuildConfiguration;
			buildSettings = {
				ASSETCATALOG_COMPILER_APPICON_NAME = AppIcon;
				INFOPLIST_FILE = "rpg (OOP)/Info.plist";
				LD_RUNPATH_SEARCH_PATHS = "$(inherited) @executable_path/Frameworks";
				PRODUCT_BUNDLE_IDENTIFIER = "com.tn-Development.rpg--OOP-";
				PRODUCT_NAME = "$(TARGET_NAME)";
			};
			name = Release;
		};
		E7316BB91C0CB58E000E2009 /* Debug */ = {
			isa = XCBuildConfiguration;
			buildSettings = {
				BUNDLE_LOADER = "$(TEST_HOST)";
				INFOPLIST_FILE = "rpg (OOP)Tests/Info.plist";
				LD_RUNPATH_SEARCH_PATHS = "$(inherited) @executable_path/Frameworks @loader_path/Frameworks";
				PRODUCT_BUNDLE_IDENTIFIER = "com.tn-Development.rpg--OOP-Tests";
				PRODUCT_NAME = "$(TARGET_NAME)";
				TEST_HOST = "$(BUILT_PRODUCTS_DIR)/rpg (OOP).app/rpg (OOP)";
			};
			name = Debug;
		};
		E7316BBA1C0CB58E000E2009 /* Release */ = {
			isa = XCBuildConfiguration;
			buildSettings = {
				BUNDLE_LOADER = "$(TEST_HOST)";
				INFOPLIST_FILE = "rpg (OOP)Tests/Info.plist";
				LD_RUNPATH_SEARCH_PATHS = "$(inherited) @executable_path/Frameworks @loader_path/Frameworks";
				PRODUCT_BUNDLE_IDENTIFIER = "com.tn-Development.rpg--OOP-Tests";
				PRODUCT_NAME = "$(TARGET_NAME)";
				TEST_HOST = "$(BUILT_PRODUCTS_DIR)/rpg (OOP).app/rpg (OOP)";
			};
			name = Release;
		};
		E7316BBC1C0CB58E000E2009 /* Debug */ = {
			isa = XCBuildConfiguration;
			buildSettings = {
				INFOPLIST_FILE = "rpg (OOP)UITests/Info.plist";
				LD_RUNPATH_SEARCH_PATHS = "$(inherited) @executable_path/Frameworks @loader_path/Frameworks";
				PRODUCT_BUNDLE_IDENTIFIER = "com.tn-Development.rpg--OOP-UITests";
				PRODUCT_NAME = "$(TARGET_NAME)";
				TEST_TARGET_NAME = "rpg (OOP)";
				USES_XCTRUNNER = YES;
			};
			name = Debug;
		};
		E7316BBD1C0CB58E000E2009 /* Release */ = {
			isa = XCBuildConfiguration;
			buildSettings = {
				INFOPLIST_FILE = "rpg (OOP)UITests/Info.plist";
				LD_RUNPATH_SEARCH_PATHS = "$(inherited) @executable_path/Frameworks @loader_path/Frameworks";
				PRODUCT_BUNDLE_IDENTIFIER = "com.tn-Development.rpg--OOP-UITests";
				PRODUCT_NAME = "$(TARGET_NAME)";
				TEST_TARGET_NAME = "rpg (OOP)";
				USES_XCTRUNNER = YES;
			};
			name = Release;
		};
/* End XCBuildConfiguration section */

/* Begin XCConfigurationList section */
		E7316B881C0CB58D000E2009 /* Build configuration list for PBXProject "rpg (OOP)" */ = {
			isa = XCConfigurationList;
			buildConfigurations = (
				E7316BB31C0CB58E000E2009 /* Debug */,
				E7316BB41C0CB58E000E2009 /* Release */,
			);
			defaultConfigurationIsVisible = 0;
			defaultConfigurationName = Release;
		};
		E7316BB51C0CB58E000E2009 /* Build configuration list for PBXNativeTarget "rpg (OOP)" */ = {
			isa = XCConfigurationList;
			buildConfigurations = (
				E7316BB61C0CB58E000E2009 /* Debug */,
				E7316BB71C0CB58E000E2009 /* Release */,
			);
			defaultConfigurationIsVisible = 0;
		};
		E7316BB81C0CB58E000E2009 /* Build configuration list for PBXNativeTarget "rpg (OOP)Tests" */ = {
			isa = XCConfigurationList;
			buildConfigurations = (
				E7316BB91C0CB58E000E2009 /* Debug */,
				E7316BBA1C0CB58E000E2009 /* Release */,
			);
			defaultConfigurationIsVisible = 0;
		};
		E7316BBB1C0CB58E000E2009 /* Build configuration list for PBXNativeTarget "rpg (OOP)UITests" */ = {
			isa = XCConfigurationList;
			buildConfigurations = (
				E7316BBC1C0CB58E000E2009 /* Debug */,
				E7316BBD1C0CB58E000E2009 /* Release */,
			);
			defaultConfigurationIsVisible = 0;
		};
/* End XCConfigurationList section */
	};
	rootObject = E7316B851C0CB58D000E2009 /* Project object */;
}
